
Microsoft Visual Studio Solution File, Format Version 12.00
# Visual Studio 15
VisualStudioVersion = 15.0.28307.168
MinimumVisualStudioVersion = 10.0.40219.1
Project("{FAE04EC0-301F-11D3-BF4B-00C04F79EFBC}") = "AutoCar", "AutoCar\AutoCar.csproj", "{5B5F7CB6-CE6E-498E-B072-CE3226B0887F}"
EndProject
Project("{FAE04EC0-301F-11D3-BF4B-00C04F79EFBC}") = "DataLayer", "DataLayer\DataLayer.csproj", "{FE2B15DD-0D80-48FD-8E0B-EC37F4749626}"
EndProject
Project("{FAE04EC0-301F-11D3-BF4B-00C04F79EFBC}") = "AutoCarForm", "AutoCarForm\AutoCarForm.csproj", "{C329DBB3-E076-438E-A0BE-9A94BC7ECEA5}"
EndProject
Project("{FAE04EC0-301F-11D3-BF4B-00C04F79EFBC}") = "AutoCarWeb", "AutoCarWeb\AutoCarWeb.csproj", "{CE69F734-152D-452D-B11F-3B24C0293588}"
EndProject
Project("{FAE04EC0-301F-11D3-BF4B-00C04F79EFBC}") = "AutoCarMobile.Android", "AutoCarMobile\AutoCarMobile.Android\AutoCarMobile.Android.csproj", "{16EE31E6-B864-4F38-BF68-B38477FF6FBE}"
EndProject
Project("{FAE04EC0-301F-11D3-BF4B-00C04F79EFBC}") = "AutoCarMobile.iOS", "AutoCarMobile\AutoCarMobile.iOS\AutoCarMobile.iOS.csproj", "{83DD151C-9D17-4DD4-89F9-69AE7D6445CC}"
EndProject
Project("{FAE04EC0-301F-11D3-BF4B-00C04F79EFBC}") = "AutoCarMobile", "AutoCarMobile\AutoCarMobile\AutoCarMobile.csproj", "{A0A93223-783C-4710-8B29-5C8DF90615F1}"
EndProject
Global
	GlobalSection(SolutionConfigurationPlatforms) = preSolution
		Ad-Hoc|Any CPU = Ad-Hoc|Any CPU
		Ad-Hoc|iPhone = Ad-Hoc|iPhone
		Ad-Hoc|iPhoneSimulator = Ad-Hoc|iPhoneSimulator
		AppStore|Any CPU = AppStore|Any CPU
		AppStore|iPhone = AppStore|iPhone
		AppStore|iPhoneSimulator = AppStore|iPhoneSimulator
		Debug|Any CPU = Debug|Any CPU
		Debug|iPhone = Debug|iPhone
		Debug|iPhoneSimulator = Debug|iPhoneSimulator
		Release|Any CPU = Release|Any CPU
		Release|iPhone = Release|iPhone
		Release|iPhoneSimulator = Release|iPhoneSimulator
	EndGlobalSection
	GlobalSection(ProjectConfigurationPlatforms) = postSolution
		{5B5F7CB6-CE6E-498E-B072-CE3226B0887F}.Ad-Hoc|Any CPU.ActiveCfg = Release|Any CPU
		{5B5F7CB6-CE6E-498E-B072-CE3226B0887F}.Ad-Hoc|Any CPU.Build.0 = Release|Any CPU
		{5B5F7CB6-CE6E-498E-B072-CE3226B0887F}.Ad-Hoc|iPhone.ActiveCfg = Release|Any CPU
		{5B5F7CB6-CE6E-498E-B072-CE3226B0887F}.Ad-Hoc|iPhone.Build.0 = Release|Any CPU
		{5B5F7CB6-CE6E-498E-B072-CE3226B0887F}.Ad-Hoc|iPhoneSimulator.ActiveCfg = Release|Any CPU
		{5B5F7CB6-CE6E-498E-B072-CE3226B0887F}.Ad-Hoc|iPhoneSimulator.Build.0 = Release|Any CPU
		{5B5F7CB6-CE6E-498E-B072-CE3226B0887F}.AppStore|Any CPU.ActiveCfg = Release|Any CPU
		{5B5F7CB6-CE6E-498E-B072-CE3226B0887F}.AppStore|Any CPU.Build.0 = Release|Any CPU
		{5B5F7CB6-CE6E-498E-B072-CE3226B0887F}.AppStore|iPhone.ActiveCfg = Release|Any CPU
		{5B5F7CB6-CE6E-498E-B072-CE3226B0887F}.AppStore|iPhone.Build.0 = Release|Any CPU
		{5B5F7CB6-CE6E-498E-B072-CE3226B0887F}.AppStore|iPhoneSimulator.ActiveCfg = Release|Any CPU
		{5B5F7CB6-CE6E-498E-B072-CE3226B0887F}.AppStore|iPhoneSimulator.Build.0 = Release|Any CPU
		{5B5F7CB6-CE6E-498E-B072-CE3226B0887F}.Debug|Any CPU.ActiveCfg = Debug|Any CPU
		{5B5F7CB6-CE6E-498E-B072-CE3226B0887F}.Debug|Any CPU.Build.0 = Debug|Any CPU
		{5B5F7CB6-CE6E-498E-B072-CE3226B0887F}.Debug|iPhone.ActiveCfg = Debug|Any CPU
		{5B5F7CB6-CE6E-498E-B072-CE3226B0887F}.Debug|iPhone.Build.0 = Debug|Any CPU
		{5B5F7CB6-CE6E-498E-B072-CE3226B0887F}.Debug|iPhoneSimulator.ActiveCfg = Debug|Any CPU
		{5B5F7CB6-CE6E-498E-B072-CE3226B0887F}.Debug|iPhoneSimulator.Build.0 = Debug|Any CPU
		{5B5F7CB6-CE6E-498E-B072-CE3226B0887F}.Release|Any CPU.ActiveCfg = Release|Any CPU
		{5B5F7CB6-CE6E-498E-B072-CE3226B0887F}.Release|Any CPU.Build.0 = Release|Any CPU
		{5B5F7CB6-CE6E-498E-B072-CE3226B0887F}.Release|iPhone.ActiveCfg = Release|Any CPU
		{5B5F7CB6-CE6E-498E-B072-CE3226B0887F}.Release|iPhone.Build.0 = Release|Any CPU
		{5B5F7CB6-CE6E-498E-B072-CE3226B0887F}.Release|iPhoneSimulator.ActiveCfg = Release|Any CPU
		{5B5F7CB6-CE6E-498E-B072-CE3226B0887F}.Release|iPhoneSimulator.Build.0 = Release|Any CPU
		{FE2B15DD-0D80-48FD-8E0B-EC37F4749626}.Ad-Hoc|Any CPU.ActiveCfg = Release|Any CPU
		{FE2B15DD-0D80-48FD-8E0B-EC37F4749626}.Ad-Hoc|Any CPU.Build.0 = Release|Any CPU
		{FE2B15DD-0D80-48FD-8E0B-EC37F4749626}.Ad-Hoc|iPhone.ActiveCfg = Release|Any CPU
		{FE2B15DD-0D80-48FD-8E0B-EC37F4749626}.Ad-Hoc|iPhone.Build.0 = Release|Any CPU
		{FE2B15DD-0D80-48FD-8E0B-EC37F4749626}.Ad-Hoc|iPhoneSimulator.ActiveCfg = Release|Any CPU
		{FE2B15DD-0D80-48FD-8E0B-EC37F4749626}.Ad-Hoc|iPhoneSimulator.Build.0 = Release|Any CPU
		{FE2B15DD-0D80-48FD-8E0B-EC37F4749626}.AppStore|Any CPU.ActiveCfg = Release|Any CPU
		{FE2B15DD-0D80-48FD-8E0B-EC37F4749626}.AppStore|Any CPU.Build.0 = Release|Any CPU
		{FE2B15DD-0D80-48FD-8E0B-EC37F4749626}.AppStore|iPhone.ActiveCfg = Release|Any CPU
		{FE2B15DD-0D80-48FD-8E0B-EC37F4749626}.AppStore|iPhone.Build.0 = Release|Any CPU
		{FE2B15DD-0D80-48FD-8E0B-EC37F4749626}.AppStore|iPhoneSimulator.ActiveCfg = Release|Any CPU
		{FE2B15DD-0D80-48FD-8E0B-EC37F4749626}.AppStore|iPhoneSimulator.Build.0 = Release|Any CPU
		{FE2B15DD-0D80-48FD-8E0B-EC37F4749626}.Debug|Any CPU.ActiveCfg = Debug|Any CPU
		{FE2B15DD-0D80-48FD-8E0B-EC37F4749626}.Debug|Any CPU.Build.0 = Debug|Any CPU
		{FE2B15DD-0D80-48FD-8E0B-EC37F4749626}.Debug|iPhone.ActiveCfg = Debug|Any CPU
		{FE2B15DD-0D80-48FD-8E0B-EC37F4749626}.Debug|iPhone.Build.0 = Debug|Any CPU
		{FE2B15DD-0D80-48FD-8E0B-EC37F4749626}.Debug|iPhoneSimulator.ActiveCfg = Debug|Any CPU
		{FE2B15DD-0D80-48FD-8E0B-EC37F4749626}.Debug|iPhoneSimulator.Build.0 = Debug|Any CPU
		{FE2B15DD-0D80-48FD-8E0B-EC37F4749626}.Release|Any CPU.ActiveCfg = Release|Any CPU
		{FE2B15DD-0D80-48FD-8E0B-EC37F4749626}.Release|Any CPU.Build.0 = Release|Any CPU
		{FE2B15DD-0D80-48FD-8E0B-EC37F4749626}.Release|iPhone.ActiveCfg = Release|Any CPU
		{FE2B15DD-0D80-48FD-8E0B-EC37F4749626}.Release|iPhone.Build.0 = Release|Any CPU
		{FE2B15DD-0D80-48FD-8E0B-EC37F4749626}.Release|iPhoneSimulator.ActiveCfg = Release|Any CPU
		{FE2B15DD-0D80-48FD-8E0B-EC37F4749626}.Release|iPhoneSimulator.Build.0 = Release|Any CPU
		{C329DBB3-E076-438E-A0BE-9A94BC7ECEA5}.Ad-Hoc|Any CPU.ActiveCfg = Release|Any CPU
		{C329DBB3-E076-438E-A0BE-9A94BC7ECEA5}.Ad-Hoc|Any CPU.Build.0 = Release|Any CPU
		{C329DBB3-E076-438E-A0BE-9A94BC7ECEA5}.Ad-Hoc|iPhone.ActiveCfg = Release|Any CPU
		{C329DBB3-E076-438E-A0BE-9A94BC7ECEA5}.Ad-Hoc|iPhone.Build.0 = Release|Any CPU
		{C329DBB3-E076-438E-A0BE-9A94BC7ECEA5}.Ad-Hoc|iPhoneSimulator.ActiveCfg = Release|Any CPU
		{C329DBB3-E076-438E-A0BE-9A94BC7ECEA5}.Ad-Hoc|iPhoneSimulator.Build.0 = Release|Any CPU
		{C329DBB3-E076-438E-A0BE-9A94BC7ECEA5}.AppStore|Any CPU.ActiveCfg = Release|Any CPU
		{C329DBB3-E076-438E-A0BE-9A94BC7ECEA5}.AppStore|Any CPU.Build.0 = Release|Any CPU
		{C329DBB3-E076-438E-A0BE-9A94BC7ECEA5}.AppStore|iPhone.ActiveCfg = Release|Any CPU
		{C329DBB3-E076-438E-A0BE-9A94BC7ECEA5}.AppStore|iPhone.Build.0 = Release|Any CPU
		{C329DBB3-E076-438E-A0BE-9A94BC7ECEA5}.AppStore|iPhoneSimulator.ActiveCfg = Release|Any CPU
		{C329DBB3-E076-438E-A0BE-9A94BC7ECEA5}.AppStore|iPhoneSimulator.Build.0 = Release|Any CPU
		{C329DBB3-E076-438E-A0BE-9A94BC7ECEA5}.Debug|Any CPU.ActiveCfg = Debug|Any CPU
		{C329DBB3-E076-438E-A0BE-9A94BC7ECEA5}.Debug|Any CPU.Build.0 = Debug|Any CPU
		{C329DBB3-E076-438E-A0BE-9A94BC7ECEA5}.Debug|iPhone.ActiveCfg = Debug|Any CPU
		{C329DBB3-E076-438E-A0BE-9A94BC7ECEA5}.Debug|iPhone.Build.0 = Debug|Any CPU
		{C329DBB3-E076-438E-A0BE-9A94BC7ECEA5}.Debug|iPhoneSimulator.ActiveCfg = Debug|Any CPU
		{C329DBB3-E076-438E-A0BE-9A94BC7ECEA5}.Debug|iPhoneSimulator.Build.0 = Debug|Any CPU
		{C329DBB3-E076-438E-A0BE-9A94BC7ECEA5}.Release|Any CPU.ActiveCfg = Release|Any CPU
		{C329DBB3-E076-438E-A0BE-9A94BC7ECEA5}.Release|Any CPU.Build.0 = Release|Any CPU
		{C329DBB3-E076-438E-A0BE-9A94BC7ECEA5}.Release|iPhone.ActiveCfg = Release|Any CPU
		{C329DBB3-E076-438E-A0BE-9A94BC7ECEA5}.Release|iPhone.Build.0 = Release|Any CPU
		{C329DBB3-E076-438E-A0BE-9A94BC7ECEA5}.Release|iPhoneSimulator.ActiveCfg = Release|Any CPU
		{C329DBB3-E076-438E-A0BE-9A94BC7ECEA5}.Release|iPhoneSimulator.Build.0 = Release|Any CPU
		{CE69F734-152D-452D-B11F-3B24C0293588}.Ad-Hoc|Any CPU.ActiveCfg = Release|Any CPU
		{CE69F734-152D-452D-B11F-3B24C0293588}.Ad-Hoc|Any CPU.Build.0 = Release|Any CPU
		{CE69F734-152D-452D-B11F-3B24C0293588}.Ad-Hoc|iPhone.ActiveCfg = Release|Any CPU
		{CE69F734-152D-452D-B11F-3B24C0293588}.Ad-Hoc|iPhone.Build.0 = Release|Any CPU
		{CE69F734-152D-452D-B11F-3B24C0293588}.Ad-Hoc|iPhoneSimulator.ActiveCfg = Release|Any CPU
		{CE69F734-152D-452D-B11F-3B24C0293588}.Ad-Hoc|iPhoneSimulator.Build.0 = Release|Any CPU
		{CE69F734-152D-452D-B11F-3B24C0293588}.AppStore|Any CPU.ActiveCfg = Release|Any CPU
		{CE69F734-152D-452D-B11F-3B24C0293588}.AppStore|Any CPU.Build.0 = Release|Any CPU
		{CE69F734-152D-452D-B11F-3B24C0293588}.AppStore|iPhone.ActiveCfg = Release|Any CPU
		{CE69F734-152D-452D-B11F-3B24C0293588}.AppStore|iPhone.Build.0 = Release|Any CPU
		{CE69F734-152D-452D-B11F-3B24C0293588}.AppStore|iPhoneSimulator.ActiveCfg = Release|Any CPU
		{CE69F734-152D-452D-B11F-3B24C0293588}.AppStore|iPhoneSimulator.Build.0 = Release|Any CPU
		{CE69F734-152D-452D-B11F-3B24C0293588}.Debug|Any CPU.ActiveCfg = Debug|Any CPU
		{CE69F734-152D-452D-B11F-3B24C0293588}.Debug|Any CPU.Build.0 = Debug|Any CPU
		{CE69F734-152D-452D-B11F-3B24C0293588}.Debug|iPhone.ActiveCfg = Debug|Any CPU
		{CE69F734-152D-452D-B11F-3B24C0293588}.Debug|iPhone.Build.0 = Debug|Any CPU
		{CE69F734-152D-452D-B11F-3B24C0293588}.Debug|iPhoneSimulator.ActiveCfg = Debug|Any CPU
		{CE69F734-152D-452D-B11F-3B24C0293588}.Debug|iPhoneSimulator.Build.0 = Debug|Any CPU
		{CE69F734-152D-452D-B11F-3B24C0293588}.Release|Any CPU.ActiveCfg = Release|Any CPU
		{CE69F734-152D-452D-B11F-3B24C0293588}.Release|Any CPU.Build.0 = Release|Any CPU
		{CE69F734-152D-452D-B11F-3B24C0293588}.Release|iPhone.ActiveCfg = Release|Any CPU
		{CE69F734-152D-452D-B11F-3B24C0293588}.Release|iPhone.Build.0 = Release|Any CPU
		{CE69F734-152D-452D-B11F-3B24C0293588}.Release|iPhoneSimulator.ActiveCfg = Release|Any CPU
		{CE69F734-152D-452D-B11F-3B24C0293588}.Release|iPhoneSimulator.Build.0 = Release|Any CPU
		{16EE31E6-B864-4F38-BF68-B38477FF6FBE}.Ad-Hoc|Any CPU.ActiveCfg = Release|Any CPU
		{16EE31E6-B864-4F38-BF68-B38477FF6FBE}.Ad-Hoc|Any CPU.Build.0 = Release|Any CPU
		{16EE31E6-B864-4F38-BF68-B38477FF6FBE}.Ad-Hoc|Any CPU.Deploy.0 = Release|Any CPU
		{16EE31E6-B864-4F38-BF68-B38477FF6FBE}.Ad-Hoc|iPhone.ActiveCfg = Release|Any CPU
		{16EE31E6-B864-4F38-BF68-B38477FF6FBE}.Ad-Hoc|iPhone.Build.0 = Release|Any CPU
		{16EE31E6-B864-4F38-BF68-B38477FF6FBE}.Ad-Hoc|iPhone.Deploy.0 = Release|Any CPU
		{16EE31E6-B864-4F38-BF68-B38477FF6FBE}.Ad-Hoc|iPhoneSimulator.ActiveCfg = Release|Any CPU
		{16EE31E6-B864-4F38-BF68-B38477FF6FBE}.Ad-Hoc|iPhoneSimulator.Build.0 = Release|Any CPU
		{16EE31E6-B864-4F38-BF68-B38477FF6FBE}.Ad-Hoc|iPhoneSimulator.Deploy.0 = Release|Any CPU
		{16EE31E6-B864-4F38-BF68-B38477FF6FBE}.AppStore|Any CPU.ActiveCfg = Release|Any CPU
		{16EE31E6-B864-4F38-BF68-B38477FF6FBE}.AppStore|Any CPU.Build.0 = Release|Any CPU
		{16EE31E6-B864-4F38-BF68-B38477FF6FBE}.AppStore|Any CPU.Deploy.0 = Release|Any CPU
		{16EE31E6-B864-4F38-BF68-B38477FF6FBE}.AppStore|iPhone.ActiveCfg = Release|Any CPU
		{16EE31E6-B864-4F38-BF68-B38477FF6FBE}.AppStore|iPhone.Build.0 = Release|Any CPU
		{16EE31E6-B864-4F38-BF68-B38477FF6FBE}.AppStore|iPhone.Deploy.0 = Release|Any CPU
		{16EE31E6-B864-4F38-BF68-B38477FF6FBE}.AppStore|iPhoneSimulator.ActiveCfg = Release|Any CPU
		{16EE31E6-B864-4F38-BF68-B38477FF6FBE}.AppStore|iPhoneSimulator.Build.0 = Release|Any CPU
		{16EE31E6-B864-4F38-BF68-B38477FF6FBE}.AppStore|iPhoneSimulator.Deploy.0 = Release|Any CPU
		{16EE31E6-B864-4F38-BF68-B38477FF6FBE}.Debug|Any CPU.ActiveCfg = Debug|Any CPU
		{16EE31E6-B864-4F38-BF68-B38477FF6FBE}.Debug|Any CPU.Build.0 = Debug|Any CPU
		{16EE31E6-B864-4F38-BF68-B38477FF6FBE}.Debug|Any CPU.Deploy.0 = Debug|Any CPU
		{16EE31E6-B864-4F38-BF68-B38477FF6FBE}.Debug|iPhone.ActiveCfg = Debug|Any CPU
		{16EE31E6-B864-4F38-BF68-B38477FF6FBE}.Debug|iPhone.Build.0 = Debug|Any CPU
		{16EE31E6-B864-4F38-BF68-B38477FF6FBE}.Debug|iPhone.Deploy.0 = Debug|Any CPU
		{16EE31E6-B864-4F38-BF68-B38477FF6FBE}.Debug|iPhoneSimulator.ActiveCfg = Debug|Any CPU
		{16EE31E6-B864-4F38-BF68-B38477FF6FBE}.Debug|iPhoneSimulator.Build.0 = Debug|Any CPU
		{16EE31E6-B864-4F38-BF68-B38477FF6FBE}.Debug|iPhoneSimulator.Deploy.0 = Debug|Any CPU
		{16EE31E6-B864-4F38-BF68-B38477FF6FBE}.Release|Any CPU.ActiveCfg = Release|Any CPU
		{16EE31E6-B864-4F38-BF68-B38477FF6FBE}.Release|Any CPU.Build.0 = Release|Any CPU
		{16EE31E6-B864-4F38-BF68-B38477FF6FBE}.Release|Any CPU.Deploy.0 = Release|Any CPU
		{16EE31E6-B864-4F38-BF68-B38477FF6FBE}.Release|iPhone.ActiveCfg = Release|Any CPU
		{16EE31E6-B864-4F38-BF68-B38477FF6FBE}.Release|iPhone.Build.0 = Release|Any CPU
		{16EE31E6-B864-4F38-BF68-B38477FF6FBE}.Release|iPhone.Deploy.0 = Release|Any CPU
		{16EE31E6-B864-4F38-BF68-B38477FF6FBE}.Release|iPhoneSimulator.ActiveCfg = Release|Any CPU
		{16EE31E6-B864-4F38-BF68-B38477FF6FBE}.Release|iPhoneSimulator.Build.0 = Release|Any CPU
		{16EE31E6-B864-4F38-BF68-B38477FF6FBE}.Release|iPhoneSimulator.Deploy.0 = Release|Any CPU
		{83DD151C-9D17-4DD4-89F9-69AE7D6445CC}.Ad-Hoc|Any CPU.ActiveCfg = Ad-Hoc|iPhone
		{83DD151C-9D17-4DD4-89F9-69AE7D6445CC}.Ad-Hoc|iPhone.ActiveCfg = Ad-Hoc|iPhone
		{83DD151C-9D17-4DD4-89F9-69AE7D6445CC}.Ad-Hoc|iPhone.Build.0 = Ad-Hoc|iPhone
		{83DD151C-9D17-4DD4-89F9-69AE7D6445CC}.Ad-Hoc|iPhoneSimulator.ActiveCfg = Ad-Hoc|iPhoneSimulator
		{83DD151C-9D17-4DD4-89F9-69AE7D6445CC}.Ad-Hoc|iPhoneSimulator.Build.0 = Ad-Hoc|iPhoneSimulator
		{83DD151C-9D17-4DD4-89F9-69AE7D6445CC}.AppStore|Any CPU.ActiveCfg = AppStore|iPhone
		{83DD151C-9D17-4DD4-89F9-69AE7D6445CC}.AppStore|iPhone.ActiveCfg = AppStore|iPhone
		{83DD151C-9D17-4DD4-89F9-69AE7D6445CC}.AppStore|iPhone.Build.0 = AppStore|iPhone
		{83DD151C-9D17-4DD4-89F9-69AE7D6445CC}.AppStore|iPhoneSimulator.ActiveCfg = AppStore|iPhoneSimulator
		{83DD151C-9D17-4DD4-89F9-69AE7D6445CC}.AppStore|iPhoneSimulator.Build.0 = AppStore|iPhoneSimulator
		{83DD151C-9D17-4DD4-89F9-69AE7D6445CC}.Debug|Any CPU.ActiveCfg = Debug|iPhone
		{83DD151C-9D17-4DD4-89F9-69AE7D6445CC}.Debug|iPhone.ActiveCfg = Debug|iPhone
		{83DD151C-9D17-4DD4-89F9-69AE7D6445CC}.Debug|iPhone.Build.0 = Debug|iPhone
		{83DD151C-9D17-4DD4-89F9-69AE7D6445CC}.Debug|iPhoneSimulator.ActiveCfg = Debug|iPhoneSimulator
		{83DD151C-9D17-4DD4-89F9-69AE7D6445CC}.Debug|iPhoneSimulator.Build.0 = Debug|iPhoneSimulator
		{83DD151C-9D17-4DD4-89F9-69AE7D6445CC}.Release|Any CPU.ActiveCfg = Release|iPhone
		{83DD151C-9D17-4DD4-89F9-69AE7D6445CC}.Release|iPhone.ActiveCfg = Release|iPhone
		{83DD151C-9D17-4DD4-89F9-69AE7D6445CC}.Release|iPhone.Build.0 = Release|iPhone
		{83DD151C-9D17-4DD4-89F9-69AE7D6445CC}.Release|iPhoneSimulator.ActiveCfg = Release|iPhoneSimulator
		{83DD151C-9D17-4DD4-89F9-69AE7D6445CC}.Release|iPhoneSimulator.Build.0 = Release|iPhoneSimulator
		{A0A93223-783C-4710-8B29-5C8DF90615F1}.Ad-Hoc|Any CPU.ActiveCfg = Debug|Any CPU
		{A0A93223-783C-4710-8B29-5C8DF90615F1}.Ad-Hoc|Any CPU.Build.0 = Debug|Any CPU
		{A0A93223-783C-4710-8B29-5C8DF90615F1}.Ad-Hoc|iPhone.ActiveCfg = Debug|Any CPU
		{A0A93223-783C-4710-8B29-5C8DF90615F1}.Ad-Hoc|iPhone.Build.0 = Debug|Any CPU
		{A0A93223-783C-4710-8B29-5C8DF90615F1}.Ad-Hoc|iPhoneSimulator.ActiveCfg = Debug|Any CPU
		{A0A93223-783C-4710-8B29-5C8DF90615F1}.Ad-Hoc|iPhoneSimulator.Build.0 = Debug|Any CPU
		{A0A93223-783C-4710-8B29-5C8DF90615F1}.AppStore|Any CPU.ActiveCfg = Debug|Any CPU
		{A0A93223-783C-4710-8B29-5C8DF90615F1}.AppStore|Any CPU.Build.0 = Debug|Any CPU
		{A0A93223-783C-4710-8B29-5C8DF90615F1}.AppStore|iPhone.ActiveCfg = Debug|Any CPU
		{A0A93223-783C-4710-8B29-5C8DF90615F1}.AppStore|iPhone.Build.0 = Debug|Any CPU
		{A0A93223-783C-4710-8B29-5C8DF90615F1}.AppStore|iPhoneSimulator.ActiveCfg = Debug|Any CPU
		{A0A93223-783C-4710-8B29-5C8DF90615F1}.AppStore|iPhoneSimulator.Build.0 = Debug|Any CPU
		{A0A93223-783C-4710-8B29-5C8DF90615F1}.Debug|Any CPU.ActiveCfg = Debug|Any CPU
		{A0A93223-783C-4710-8B29-5C8DF90615F1}.Debug|Any CPU.Build.0 = Debug|Any CPU
		{A0A93223-783C-4710-8B29-5C8DF90615F1}.Debug|iPhone.ActiveCfg = Debug|Any CPU
		{A0A93223-783C-4710-8B29-5C8DF90615F1}.Debug|iPhone.Build.0 = Debug|Any CPU
		{A0A93223-783C-4710-8B29-5C8DF90615F1}.Debug|iPhoneSimulator.ActiveCfg = Debug|Any CPU
		{A0A93223-783C-4710-8B29-5C8DF90615F1}.Debug|iPhoneSimulator.Build.0 = Debug|Any CPU
		{A0A93223-783C-4710-8B29-5C8DF90615F1}.Release|Any CPU.ActiveCfg = Release|Any CPU
		{A0A93223-783C-4710-8B29-5C8DF90615F1}.Release|Any CPU.Build.0 = Release|Any CPU
		{A0A93223-783C-4710-8B29-5C8DF90615F1}.Release|iPhone.ActiveCfg = Release|Any CPU
		{A0A93223-783C-4710-8B29-5C8DF90615F1}.Release|iPhone.Build.0 = Release|Any CPU
		{A0A93223-783C-4710-8B29-5C8DF90615F1}.Release|iPhoneSimulator.ActiveCfg = Release|Any CPU
		{A0A93223-783C-4710-8B29-5C8DF90615F1}.Release|iPhoneSimulator.Build.0 = Release|Any CPU
	EndGlobalSection
	GlobalSection(SolutionProperties) = preSolution
		HideSolutionNode = FALSE
	EndGlobalSection
	GlobalSection(ExtensibilityGlobals) = postSolution
		SolutionGuid = {25444EE3-DAF3-4670-BBB3-CE93730302C4}
	EndGlobalSection
EndGlobal
